
Microsoft Visual Studio Solution File, Format Version 12.00
# Visual Studio Version 17
VisualStudioVersion = 17.0.32014.148
MinimumVisualStudioVersion = 10.0.40219.1
Project("{9A19103F-16F7-4668-BE54-9A1E7A4F7556}") = "AzureVmCalc", "AzureVmCalc.csproj", "{931D69AA-AE6B-482D-B581-7C27B38FE672}"
EndProject
Project("{9A19103F-16F7-4668-BE54-9A1E7A4F7556}") = "AzureVmCalcTests", "Tests\AzureVmCalcTests\AzureVmCalcTests.csproj", "{99C614BD-2235-4FBE-9F8C-90B5AE2B6FBE}"
EndProject
Global
	GlobalSection(SolutionConfigurationPlatforms) = preSolution
		Debug|Any CPU = Debug|Any CPU
		Release|Any CPU = Release|Any CPU
	EndGlobalSection
	GlobalSection(ProjectConfigurationPlatforms) = postSolution
		{931D69AA-AE6B-482D-B581-7C27B38FE672}.Debug|Any CPU.ActiveCfg = Debug|Any CPU
		{931D69AA-AE6B-482D-B581-7C27B38FE672}.Debug|Any CPU.Build.0 = Debug|Any CPU
		{931D69AA-AE6B-482D-B581-7C27B38FE672}.Release|Any CPU.ActiveCfg = Release|Any CPU
		{931D69AA-AE6B-482D-B581-7C27B38FE672}.Release|Any CPU.Build.0 = Release|Any CPU
		{99C614BD-2235-4FBE-9F8C-90B5AE2B6FBE}.Debug|Any CPU.ActiveCfg = Debug|Any CPU
		{99C614BD-2235-4FBE-9F8C-90B5AE2B6FBE}.Debug|Any CPU.Build.0 = Debug|Any CPU
		{99C614BD-2235-4FBE-9F8C-90B5AE2B6FBE}.Release|Any CPU.ActiveCfg = Release|Any CPU
		{99C614BD-2235-4FBE-9F8C-90B5AE2B6FBE}.Release|Any CPU.Build.0 = Release|Any CPU
	EndGlobalSection
	GlobalSection(SolutionProperties) = preSolution
		HideSolutionNode = FALSE
	EndGlobalSection
	GlobalSection(ExtensibilityGlobals) = postSolution
		SolutionGuid = {E8D2D354-AE97-4995-815A-E9FA3F30E7E7}
	EndGlobalSection
EndGlobal
